Microsoft Visual Studio Solution File, Format Version 12.00
# Visual Studio Version 17
VisualStudioVersion = 17.5.2.0
MinimumVisualStudioVersion = 10.0.40219.1
Project("{FAE04EC0-301F-11D3-BF4B-00C04F79EFBC}") = "DisplayRotationTray", "DisplayRotationTray.csproj", "{15328D5A-A749-566A-8170-BF9130B8B14E}"
EndProject
Global
	GlobalSection(SolutionConfigurationPlatforms) = preSolution
		Debug|Any CPU = Debug|Any CPU
		Release|Any CPU = Release|Any CPU
	EndGlobalSection
	GlobalSection(ProjectConfigurationPlatforms) = postSolution
		{15328D5A-A749-566A-8170-BF9130B8B14E}.Debug|Any CPU.ActiveCfg = Debug|Any CPU
		{15328D5A-A749-566A-8170-BF9130B8B14E}.Debug|Any CPU.Build.0 = Debug|Any CPU
		{15328D5A-A749-566A-8170-BF9130B8B14E}.Release|Any CPU.ActiveCfg = Release|Any CPU
		{15328D5A-A749-566A-8170-BF9130B8B14E}.Release|Any CPU.Build.0 = Release|Any CPU
	EndGlobalSection
	GlobalSection(SolutionProperties) = preSolution
		HideSolutionNode = FALSE
	EndGlobalSection
	GlobalSection(ExtensibilityGlobals) = postSolution
		SolutionGuid = {53866D14-D8E1-4A66-A875-F866CB67237B}
	EndGlobalSection
EndGlobal
